
Microsoft Visual Studio Solution File, Format Version 12.00
# Visual Studio Version 16
VisualStudioVersion = 25.0.1704.2
MinimumVisualStudioVersion = 10.0.40219.1
Project("{FAE04EC0-301F-11D3-BF4B-00C04F79EFBC}") = "OOP", "OOP\OOP.csproj", "{A924CE13-0876-4E28-9B63-9B8F3D278903}"
EndProject
Global
	GlobalSection(SolutionConfigurationPlatforms) = preSolution
		Debug|Any CPU = Debug|Any CPU
		Release|Any CPU = Release|Any CPU
	EndGlobalSection
	GlobalSection(ProjectConfigurationPlatforms) = postSolution
		{A924CE13-0876-4E28-9B63-9B8F3D278903}.Debug|Any CPU.ActiveCfg = Debug|Any CPU
		{A924CE13-0876-4E28-9B63-9B8F3D278903}.Debug|Any CPU.Build.0 = Debug|Any CPU
		{A924CE13-0876-4E28-9B63-9B8F3D278903}.Release|Any CPU.ActiveCfg = Release|Any CPU
		{A924CE13-0876-4E28-9B63-9B8F3D278903}.Release|Any CPU.Build.0 = Release|Any CPU
	EndGlobalSection
	GlobalSection(SolutionProperties) = preSolution
		HideSolutionNode = FALSE
	EndGlobalSection
	GlobalSection(ExtensibilityGlobals) = postSolution
		SolutionGuid = {837C722E-EADB-422B-AF9C-BF00CA36C89F}
	EndGlobalSection
EndGlobal
