
Microsoft Visual Studio Solution File, Format Version 12.00
# Visual Studio Version 17
VisualStudioVersion = 17.5.33530.505
MinimumVisualStudioVersion = 10.0.40219.1
Project("{FAE04EC0-301F-11D3-BF4B-00C04F79EFBC}") = "Edukos-RPPOON(Zadaca8)", "Edukos-RPPOON(Zadaca8).csproj", "{0FE9E7D2-11C6-4855-BF6F-301849E77FF3}"
EndProject
Global
	GlobalSection(SolutionConfigurationPlatforms) = preSolution
		Debug|Any CPU = Debug|Any CPU
		Release|Any CPU = Release|Any CPU
	EndGlobalSection
	GlobalSection(ProjectConfigurationPlatforms) = postSolution
		{0FE9E7D2-11C6-4855-BF6F-301849E77FF3}.Debug|Any CPU.ActiveCfg = Debug|Any CPU
		{0FE9E7D2-11C6-4855-BF6F-301849E77FF3}.Debug|Any CPU.Build.0 = Debug|Any CPU
		{0FE9E7D2-11C6-4855-BF6F-301849E77FF3}.Release|Any CPU.ActiveCfg = Release|Any CPU
		{0FE9E7D2-11C6-4855-BF6F-301849E77FF3}.Release|Any CPU.Build.0 = Release|Any CPU
	EndGlobalSection
	GlobalSection(SolutionProperties) = preSolution
		HideSolutionNode = FALSE
	EndGlobalSection
	GlobalSection(ExtensibilityGlobals) = postSolution
		SolutionGuid = {049472E8-DD22-48DB-9DC0-6086E2A4A31E}
	EndGlobalSection
EndGlobal
