
Microsoft Visual Studio Solution File, Format Version 12.00
# Visual Studio Version 17
VisualStudioVersion = 17.5.33530.505
MinimumVisualStudioVersion = 10.0.40219.1
Project("{FAE04EC0-301F-11D3-BF4B-00C04F79EFBC}") = "Edukos-RPPOON(Dodatni zadatak)", "Edukos-RPPOON(Dodatni zadatak).csproj", "{6088FADB-8481-46BB-8A73-C34CA0BBA602}"
EndProject
Global
	GlobalSection(SolutionConfigurationPlatforms) = preSolution
		Debug|Any CPU = Debug|Any CPU
		Release|Any CPU = Release|Any CPU
	EndGlobalSection
	GlobalSection(ProjectConfigurationPlatforms) = postSolution
		{6088FADB-8481-46BB-8A73-C34CA0BBA602}.Debug|Any CPU.ActiveCfg = Debug|Any CPU
		{6088FADB-8481-46BB-8A73-C34CA0BBA602}.Debug|Any CPU.Build.0 = Debug|Any CPU
		{6088FADB-8481-46BB-8A73-C34CA0BBA602}.Release|Any CPU.ActiveCfg = Release|Any CPU
		{6088FADB-8481-46BB-8A73-C34CA0BBA602}.Release|Any CPU.Build.0 = Release|Any CPU
	EndGlobalSection
	GlobalSection(SolutionProperties) = preSolution
		HideSolutionNode = FALSE
	EndGlobalSection
	GlobalSection(ExtensibilityGlobals) = postSolution
		SolutionGuid = {95566E66-84CD-4414-A00E-7D9D81134284}
	EndGlobalSection
EndGlobal
